# This file is autogenerated, do not edit; changes may be undone by the next 'dep ensure'.


[[projects]]
  name = "github.com/go-playground/ansi"
  packages = ["."]
  revision = "777788a9be1a7296979a999c86b251fc777077a9"
  version = "v2.1.0"

[[projects]]
  name = "github.com/go-playground/errors"
  packages = ["."]
  revision = "9aa88f624b398d37201c30583065aee54071bc0c"
  version = "v3.3.0"

[[projects]]
  name = "github.com/go-playground/log"
  packages = [
    ".",
    "handlers/console"
  ]
  revision = "736ecb55f80c7121af3754a7ea62e96733451fe1"
  version = "v6.3.0"

[[projects]]
  branch = "master"
  name = "github.com/golang/freetype"
  packages = [
    ".",
    "raster",
    "truetype"
  ]
  revision = "e2365dfdc4a05e4b8299a783240d4a7d5a65d4e4"

[[projects]]
  branch = "master"
  name = "golang.org/x/image"
  packages = [
    "font",
    "math/fixed"
  ]
  revision = "c73c2afc3b812cdd6385de5a50616511c4a3d458"

[solve-meta]
  analyzer-name = "dep"
  analyzer-version = 1
  inputs-digest = "6d64cd1cdd6651d2c92c59ff2b0eb7f6b84ac9d583fdb69dd98fb657e54664aa"
  solver-name = "gps-cdcl"
  solver-version = 1
